
Microsoft Visual Studio Solution File, Format Version 12.00
# Visual Studio Version 16
VisualStudioVersion = 16.0.31702.278
MinimumVisualStudioVersion = 10.0.40219.1
Project("{FAE04EC0-301F-11D3-BF4B-00C04F79EFBC}") = "Reflection", "Refleqtion\Reflection.csproj", "{0812453E-009A-4069-9786-3B5AEF0875CD}"
EndProject
Global
	GlobalSection(SolutionConfigurationPlatforms) = preSolution
		Debug|Any CPU = Debug|Any CPU
		Release|Any CPU = Release|Any CPU
	EndGlobalSection
	GlobalSection(ProjectConfigurationPlatforms) = postSolution
		{0812453E-009A-4069-9786-3B5AEF0875CD}.Debug|Any CPU.ActiveCfg = Debug|Any CPU
		{0812453E-009A-4069-9786-3B5AEF0875CD}.Debug|Any CPU.Build.0 = Debug|Any CPU
		{0812453E-009A-4069-9786-3B5AEF0875CD}.Release|Any CPU.ActiveCfg = Release|Any CPU
		{0812453E-009A-4069-9786-3B5AEF0875CD}.Release|Any CPU.Build.0 = Release|Any CPU
	EndGlobalSection
	GlobalSection(SolutionProperties) = preSolution
		HideSolutionNode = FALSE
	EndGlobalSection
	GlobalSection(ExtensibilityGlobals) = postSolution
		SolutionGuid = {23A2AF5D-BE81-400D-9FEB-C233AB00FCDB}
	EndGlobalSection
EndGlobal
